
Microsoft Visual Studio Solution File, Format Version 12.00
# Visual Studio Version 17
VisualStudioVersion = 17.7.34031.279
MinimumVisualStudioVersion = 10.0.40219.1
Project("{FAE04EC0-301F-11D3-BF4B-00C04F79EFBC}") = "13. if statements 2", "13. if statements 2\13. if statements 2.csproj", "{2BF15C39-58F5-4C85-9050-15A348CA30B5}"
EndProject
Global
	GlobalSection(SolutionConfigurationPlatforms) = preSolution
		Debug|Any CPU = Debug|Any CPU
		Release|Any CPU = Release|Any CPU
	EndGlobalSection
	GlobalSection(ProjectConfigurationPlatforms) = postSolution
		{2BF15C39-58F5-4C85-9050-15A348CA30B5}.Debug|Any CPU.ActiveCfg = Debug|Any CPU
		{2BF15C39-58F5-4C85-9050-15A348CA30B5}.Debug|Any CPU.Build.0 = Debug|Any CPU
		{2BF15C39-58F5-4C85-9050-15A348CA30B5}.Release|Any CPU.ActiveCfg = Release|Any CPU
		{2BF15C39-58F5-4C85-9050-15A348CA30B5}.Release|Any CPU.Build.0 = Release|Any CPU
	EndGlobalSection
	GlobalSection(SolutionProperties) = preSolution
		HideSolutionNode = FALSE
	EndGlobalSection
	GlobalSection(ExtensibilityGlobals) = postSolution
		SolutionGuid = {F7797840-0CF0-4A8C-9B14-DF75AC2B7851}
	EndGlobalSection
EndGlobal
